
Microsoft Visual Studio Solution File, Format Version 12.00
# Visual Studio Version 16
VisualStudioVersion = 16.0.31410.357
MinimumVisualStudioVersion = 10.0.40219.1
Project("{9A19103F-16F7-4668-BE54-9A1E7A4F7556}") = "CompanyEmployees", "CompanyEmployees\CompanyEmployees.csproj", "{B3CFE572-F15E-4BF3-9202-C66C39C85EC1}"
EndProject
Project("{9A19103F-16F7-4668-BE54-9A1E7A4F7556}") = "Contracts", "Contracts\Contracts.csproj", "{1B332301-4C9C-4383-BC19-933E95A9FED7}"
EndProject
Project("{9A19103F-16F7-4668-BE54-9A1E7A4F7556}") = "LoggerService", "LoggerService\LoggerService.csproj", "{069F2277-A418-422F-9EFD-37B777C83A22}"
EndProject
Project("{9A19103F-16F7-4668-BE54-9A1E7A4F7556}") = "Entities", "Entities\Entities.csproj", "{D4397A50-FDD5-481F-9559-96684AB383BC}"
EndProject
Project("{FAE04EC0-301F-11D3-BF4B-00C04F79EFBC}") = "Repository", "Repository\Repository.csproj", "{82E5BB9C-5F1B-4A6A-ACEB-82949102D953}"
EndProject
Global
	GlobalSection(SolutionConfigurationPlatforms) = preSolution
		Debug|Any CPU = Debug|Any CPU
		Release|Any CPU = Release|Any CPU
	EndGlobalSection
	GlobalSection(ProjectConfigurationPlatforms) = postSolution
		{B3CFE572-F15E-4BF3-9202-C66C39C85EC1}.Debug|Any CPU.ActiveCfg = Debug|Any CPU
		{B3CFE572-F15E-4BF3-9202-C66C39C85EC1}.Debug|Any CPU.Build.0 = Debug|Any CPU
		{B3CFE572-F15E-4BF3-9202-C66C39C85EC1}.Release|Any CPU.ActiveCfg = Release|Any CPU
		{B3CFE572-F15E-4BF3-9202-C66C39C85EC1}.Release|Any CPU.Build.0 = Release|Any CPU
		{1B332301-4C9C-4383-BC19-933E95A9FED7}.Debug|Any CPU.ActiveCfg = Debug|Any CPU
		{1B332301-4C9C-4383-BC19-933E95A9FED7}.Debug|Any CPU.Build.0 = Debug|Any CPU
		{1B332301-4C9C-4383-BC19-933E95A9FED7}.Release|Any CPU.ActiveCfg = Release|Any CPU
		{1B332301-4C9C-4383-BC19-933E95A9FED7}.Release|Any CPU.Build.0 = Release|Any CPU
		{069F2277-A418-422F-9EFD-37B777C83A22}.Debug|Any CPU.ActiveCfg = Debug|Any CPU
		{069F2277-A418-422F-9EFD-37B777C83A22}.Debug|Any CPU.Build.0 = Debug|Any CPU
		{069F2277-A418-422F-9EFD-37B777C83A22}.Release|Any CPU.ActiveCfg = Release|Any CPU
		{069F2277-A418-422F-9EFD-37B777C83A22}.Release|Any CPU.Build.0 = Release|Any CPU
		{D4397A50-FDD5-481F-9559-96684AB383BC}.Debug|Any CPU.ActiveCfg = Debug|Any CPU
		{D4397A50-FDD5-481F-9559-96684AB383BC}.Debug|Any CPU.Build.0 = Debug|Any CPU
		{D4397A50-FDD5-481F-9559-96684AB383BC}.Release|Any CPU.ActiveCfg = Release|Any CPU
		{D4397A50-FDD5-481F-9559-96684AB383BC}.Release|Any CPU.Build.0 = Release|Any CPU
		{82E5BB9C-5F1B-4A6A-ACEB-82949102D953}.Debug|Any CPU.ActiveCfg = Debug|Any CPU
		{82E5BB9C-5F1B-4A6A-ACEB-82949102D953}.Debug|Any CPU.Build.0 = Debug|Any CPU
		{82E5BB9C-5F1B-4A6A-ACEB-82949102D953}.Release|Any CPU.ActiveCfg = Release|Any CPU
		{82E5BB9C-5F1B-4A6A-ACEB-82949102D953}.Release|Any CPU.Build.0 = Release|Any CPU
	EndGlobalSection
	GlobalSection(SolutionProperties) = preSolution
		HideSolutionNode = FALSE
	EndGlobalSection
	GlobalSection(ExtensibilityGlobals) = postSolution
		SolutionGuid = {4FA247A5-D414-4C05-83D4-1DE68F7277EA}
	EndGlobalSection
EndGlobal
